
Microsoft Visual Studio Solution File, Format Version 12.00
# Visual Studio Version 16
VisualStudioVersion = 16.0.31515.178
MinimumVisualStudioVersion = 10.0.40219.1
Project("{FAE04EC0-301F-11D3-BF4B-00C04F79EFBC}") = "Assignment2", "Assignment2\Assignment2.csproj", "{29A9E3D4-7232-4586-B5E1-6735E4F7484A}"
EndProject
Global
	GlobalSection(SolutionConfigurationPlatforms) = preSolution
		Debug|Any CPU = Debug|Any CPU
		Release|Any CPU = Release|Any CPU
	EndGlobalSection
	GlobalSection(ProjectConfigurationPlatforms) = postSolution
		{29A9E3D4-7232-4586-B5E1-6735E4F7484A}.Debug|Any CPU.ActiveCfg = Debug|Any CPU
		{29A9E3D4-7232-4586-B5E1-6735E4F7484A}.Debug|Any CPU.Build.0 = Debug|Any CPU
		{29A9E3D4-7232-4586-B5E1-6735E4F7484A}.Release|Any CPU.ActiveCfg = Release|Any CPU
		{29A9E3D4-7232-4586-B5E1-6735E4F7484A}.Release|Any CPU.Build.0 = Release|Any CPU
	EndGlobalSection
	GlobalSection(SolutionProperties) = preSolution
		HideSolutionNode = FALSE
	EndGlobalSection
	GlobalSection(ExtensibilityGlobals) = postSolution
		SolutionGuid = {CED7596E-2183-42E1-B4D1-83C56C42C01B}
	EndGlobalSection
EndGlobal
