
Microsoft Visual Studio Solution File, Format Version 12.00
# Visual Studio Version 16
VisualStudioVersion = 16.0.31515.178
MinimumVisualStudioVersion = 10.0.40219.1
Project("{9A19103F-16F7-4668-BE54-9A1E7A4F7556}") = "HelloWorldWebApp", "HelloWorldWebApp\HelloWorldWebApp.csproj", "{6896483B-A9B8-4CE2-A2A8-EDDDAB85DD6A}"
EndProject
Project("{9A19103F-16F7-4668-BE54-9A1E7A4F7556}") = "HelloWordWithMVCTemplate", "HelloWordWithMVCTemplate\HelloWordWithMVCTemplate.csproj", "{A0C40453-E24D-4323-92D3-DB7B7881BB62}"
EndProject
Project("{9A19103F-16F7-4668-BE54-9A1E7A4F7556}") = "HospitalManagementSystem", "HospitalManagementSystem\HospitalManagementSystem.csproj", "{C9F22CC2-9CE4-45A6-A1C0-A72D8B21AC70}"
EndProject
Project("{9A19103F-16F7-4668-BE54-9A1E7A4F7556}") = "HospitalManagementSystem.DAL", "HospitalManagementSystem.DAL\HospitalManagementSystem.DAL.csproj", "{E69C8D06-3FF1-4316-B816-17F1D9F68D62}"
EndProject
Project("{9A19103F-16F7-4668-BE54-9A1E7A4F7556}") = "HospitalManagementSystem.Services", "HospitalManagementSystem.Services\HospitalManagementSystem.Services.csproj", "{02B094EE-88D4-4FE4-9B7F-111E8C8AC3FD}"
EndProject
Project("{FAE04EC0-301F-11D3-BF4B-00C04F79EFBC}") = "MyFirstWebAPI", "MyFirstWebAPI\MyFirstWebAPI.csproj", "{339D12F7-8F21-4573-BEB3-D97212EF822A}"
EndProject
Project("{FAE04EC0-301F-11D3-BF4B-00C04F79EFBC}") = "MyFirstWebAPIWithSwagger", "MyFirstWebAPIWithSwagger\MyFirstWebAPIWithSwagger.csproj", "{F1B48C71-2056-414D-BB99-74CAE1CB27EF}"
EndProject
Global
	GlobalSection(SolutionConfigurationPlatforms) = preSolution
		Debug|Any CPU = Debug|Any CPU
		Release|Any CPU = Release|Any CPU
	EndGlobalSection
	GlobalSection(ProjectConfigurationPlatforms) = postSolution
		{6896483B-A9B8-4CE2-A2A8-EDDDAB85DD6A}.Debug|Any CPU.ActiveCfg = Debug|Any CPU
		{6896483B-A9B8-4CE2-A2A8-EDDDAB85DD6A}.Debug|Any CPU.Build.0 = Debug|Any CPU
		{6896483B-A9B8-4CE2-A2A8-EDDDAB85DD6A}.Release|Any CPU.ActiveCfg = Release|Any CPU
		{6896483B-A9B8-4CE2-A2A8-EDDDAB85DD6A}.Release|Any CPU.Build.0 = Release|Any CPU
		{A0C40453-E24D-4323-92D3-DB7B7881BB62}.Debug|Any CPU.ActiveCfg = Debug|Any CPU
		{A0C40453-E24D-4323-92D3-DB7B7881BB62}.Debug|Any CPU.Build.0 = Debug|Any CPU
		{A0C40453-E24D-4323-92D3-DB7B7881BB62}.Release|Any CPU.ActiveCfg = Release|Any CPU
		{A0C40453-E24D-4323-92D3-DB7B7881BB62}.Release|Any CPU.Build.0 = Release|Any CPU
		{C9F22CC2-9CE4-45A6-A1C0-A72D8B21AC70}.Debug|Any CPU.ActiveCfg = Debug|Any CPU
		{C9F22CC2-9CE4-45A6-A1C0-A72D8B21AC70}.Debug|Any CPU.Build.0 = Debug|Any CPU
		{C9F22CC2-9CE4-45A6-A1C0-A72D8B21AC70}.Release|Any CPU.ActiveCfg = Release|Any CPU
		{C9F22CC2-9CE4-45A6-A1C0-A72D8B21AC70}.Release|Any CPU.Build.0 = Release|Any CPU
		{E69C8D06-3FF1-4316-B816-17F1D9F68D62}.Debug|Any CPU.ActiveCfg = Debug|Any CPU
		{E69C8D06-3FF1-4316-B816-17F1D9F68D62}.Debug|Any CPU.Build.0 = Debug|Any CPU
		{E69C8D06-3FF1-4316-B816-17F1D9F68D62}.Release|Any CPU.ActiveCfg = Release|Any CPU
		{E69C8D06-3FF1-4316-B816-17F1D9F68D62}.Release|Any CPU.Build.0 = Release|Any CPU
		{02B094EE-88D4-4FE4-9B7F-111E8C8AC3FD}.Debug|Any CPU.ActiveCfg = Debug|Any CPU
		{02B094EE-88D4-4FE4-9B7F-111E8C8AC3FD}.Debug|Any CPU.Build.0 = Debug|Any CPU
		{02B094EE-88D4-4FE4-9B7F-111E8C8AC3FD}.Release|Any CPU.ActiveCfg = Release|Any CPU
		{02B094EE-88D4-4FE4-9B7F-111E8C8AC3FD}.Release|Any CPU.Build.0 = Release|Any CPU
		{339D12F7-8F21-4573-BEB3-D97212EF822A}.Debug|Any CPU.ActiveCfg = Debug|Any CPU
		{339D12F7-8F21-4573-BEB3-D97212EF822A}.Debug|Any CPU.Build.0 = Debug|Any CPU
		{339D12F7-8F21-4573-BEB3-D97212EF822A}.Release|Any CPU.ActiveCfg = Release|Any CPU
		{339D12F7-8F21-4573-BEB3-D97212EF822A}.Release|Any CPU.Build.0 = Release|Any CPU
		{F1B48C71-2056-414D-BB99-74CAE1CB27EF}.Debug|Any CPU.ActiveCfg = Debug|Any CPU
		{F1B48C71-2056-414D-BB99-74CAE1CB27EF}.Debug|Any CPU.Build.0 = Debug|Any CPU
		{F1B48C71-2056-414D-BB99-74CAE1CB27EF}.Release|Any CPU.ActiveCfg = Release|Any CPU
		{F1B48C71-2056-414D-BB99-74CAE1CB27EF}.Release|Any CPU.Build.0 = Release|Any CPU
	EndGlobalSection
	GlobalSection(SolutionProperties) = preSolution
		HideSolutionNode = FALSE
	EndGlobalSection
	GlobalSection(ExtensibilityGlobals) = postSolution
		SolutionGuid = {4E1B4796-6CF6-44E1-9622-3A3547B72492}
	EndGlobalSection
EndGlobal
