
Microsoft Visual Studio Solution File, Format Version 12.00
# Visual Studio Version 16
VisualStudioVersion = 16.0.31515.178
MinimumVisualStudioVersion = 10.0.40219.1
Project("{FAE04EC0-301F-11D3-BF4B-00C04F79EFBC}") = "Assignment4", "Assignment4\Assignment4.csproj", "{635B037A-0CBD-4B36-9D5B-7591BFDD02A3}"
EndProject
Global
	GlobalSection(SolutionConfigurationPlatforms) = preSolution
		Debug|Any CPU = Debug|Any CPU
		Release|Any CPU = Release|Any CPU
	EndGlobalSection
	GlobalSection(ProjectConfigurationPlatforms) = postSolution
		{635B037A-0CBD-4B36-9D5B-7591BFDD02A3}.Debug|Any CPU.ActiveCfg = Debug|Any CPU
		{635B037A-0CBD-4B36-9D5B-7591BFDD02A3}.Debug|Any CPU.Build.0 = Debug|Any CPU
		{635B037A-0CBD-4B36-9D5B-7591BFDD02A3}.Release|Any CPU.ActiveCfg = Release|Any CPU
		{635B037A-0CBD-4B36-9D5B-7591BFDD02A3}.Release|Any CPU.Build.0 = Release|Any CPU
	EndGlobalSection
	GlobalSection(SolutionProperties) = preSolution
		HideSolutionNode = FALSE
	EndGlobalSection
	GlobalSection(ExtensibilityGlobals) = postSolution
		SolutionGuid = {AE2A067D-A1FD-4919-B593-DB8D2BBE3C50}
	EndGlobalSection
EndGlobal
