
Microsoft Visual Studio Solution File, Format Version 12.00
# Visual Studio Version 16
VisualStudioVersion = 16.0.31515.178
MinimumVisualStudioVersion = 10.0.40219.1
Project("{FAE04EC0-301F-11D3-BF4B-00C04F79EFBC}") = "Assignment5", "Assignment5\Assignment5.csproj", "{C21636A1-AA64-4641-8952-E28E3FBD1A48}"
EndProject
Global
	GlobalSection(SolutionConfigurationPlatforms) = preSolution
		Debug|Any CPU = Debug|Any CPU
		Release|Any CPU = Release|Any CPU
	EndGlobalSection
	GlobalSection(ProjectConfigurationPlatforms) = postSolution
		{C21636A1-AA64-4641-8952-E28E3FBD1A48}.Debug|Any CPU.ActiveCfg = Debug|Any CPU
		{C21636A1-AA64-4641-8952-E28E3FBD1A48}.Debug|Any CPU.Build.0 = Debug|Any CPU
		{C21636A1-AA64-4641-8952-E28E3FBD1A48}.Release|Any CPU.ActiveCfg = Release|Any CPU
		{C21636A1-AA64-4641-8952-E28E3FBD1A48}.Release|Any CPU.Build.0 = Release|Any CPU
	EndGlobalSection
	GlobalSection(SolutionProperties) = preSolution
		HideSolutionNode = FALSE
	EndGlobalSection
	GlobalSection(ExtensibilityGlobals) = postSolution
		SolutionGuid = {8BCF8BE5-939F-4A13-AA73-6424D68A5900}
	EndGlobalSection
EndGlobal
